
Microsoft Visual Studio Solution File, Format Version 12.00
# Visual Studio Version 16
VisualStudioVersion = 16.0.30002.166
MinimumVisualStudioVersion = 10.0.40219.1
Project("{9A19103F-16F7-4668-BE54-9A1E7A4F7556}") = "CSharpPrograms_04_17", "CSharpPrograms_04_17.csproj", "{630EAA8B-FC15-492B-984C-802AE822207D}"
EndProject
Project("{9A19103F-16F7-4668-BE54-9A1E7A4F7556}") = "RandomNumbers", "..\RandomNumbers\RandomNumbers.csproj", "{4CEEDA73-3F40-486A-9CCF-767ED5EA9BE3}"
EndProject
Project("{9A19103F-16F7-4668-BE54-9A1E7A4F7556}") = "SplittingString", "..\SplittingString\SplittingString.csproj", "{4898042C-C63F-486F-84BD-D9CD4048379B}"
EndProject
Project("{9A19103F-16F7-4668-BE54-9A1E7A4F7556}") = "TwoDimensionalArray", "..\TwoDimensionalArray\TwoDimensionalArray.csproj", "{4CD125BE-ACA1-4891-B5BD-4300C2286BBC}"
EndProject
Project("{9A19103F-16F7-4668-BE54-9A1E7A4F7556}") = "StringOfObjects", "..\StringOfObjects\StringOfObjects.csproj", "{3E31CEED-6F76-43A7-B9E5-BBBC7A2283BF}"
EndProject
Project("{9A19103F-16F7-4668-BE54-9A1E7A4F7556}") = "DictionaryExample", "..\DictionaryExample\DictionaryExample.csproj", "{15E4B18A-2532-4486-9AF5-F6329EED3323}"
EndProject
Project("{FAE04EC0-301F-11D3-BF4B-00C04F79EFBC}") = "ExceptionHandling", "..\ExceptionHandling\ExceptionHandling.csproj", "{49EF1D89-9D46-41C2-A117-54DC00EA89DC}"
EndProject
Project("{FAE04EC0-301F-11D3-BF4B-00C04F79EFBC}") = "ExceptionHandlingFromOutsideMethod", "..\ExceptionHandlingFromOutsideMethod\ExceptionHandlingFromOutsideMethod.csproj", "{219B108A-386C-4335-8D78-F81994370E0B}"
EndProject
Global
	GlobalSection(SolutionConfigurationPlatforms) = preSolution
		Debug|Any CPU = Debug|Any CPU
		Release|Any CPU = Release|Any CPU
	EndGlobalSection
	GlobalSection(ProjectConfigurationPlatforms) = postSolution
		{630EAA8B-FC15-492B-984C-802AE822207D}.Debug|Any CPU.ActiveCfg = Debug|Any CPU
		{630EAA8B-FC15-492B-984C-802AE822207D}.Debug|Any CPU.Build.0 = Debug|Any CPU
		{630EAA8B-FC15-492B-984C-802AE822207D}.Release|Any CPU.ActiveCfg = Release|Any CPU
		{630EAA8B-FC15-492B-984C-802AE822207D}.Release|Any CPU.Build.0 = Release|Any CPU
		{4CEEDA73-3F40-486A-9CCF-767ED5EA9BE3}.Debug|Any CPU.ActiveCfg = Debug|Any CPU
		{4CEEDA73-3F40-486A-9CCF-767ED5EA9BE3}.Debug|Any CPU.Build.0 = Debug|Any CPU
		{4CEEDA73-3F40-486A-9CCF-767ED5EA9BE3}.Release|Any CPU.ActiveCfg = Release|Any CPU
		{4CEEDA73-3F40-486A-9CCF-767ED5EA9BE3}.Release|Any CPU.Build.0 = Release|Any CPU
		{4898042C-C63F-486F-84BD-D9CD4048379B}.Debug|Any CPU.ActiveCfg = Debug|Any CPU
		{4898042C-C63F-486F-84BD-D9CD4048379B}.Debug|Any CPU.Build.0 = Debug|Any CPU
		{4898042C-C63F-486F-84BD-D9CD4048379B}.Release|Any CPU.ActiveCfg = Release|Any CPU
		{4898042C-C63F-486F-84BD-D9CD4048379B}.Release|Any CPU.Build.0 = Release|Any CPU
		{4CD125BE-ACA1-4891-B5BD-4300C2286BBC}.Debug|Any CPU.ActiveCfg = Debug|Any CPU
		{4CD125BE-ACA1-4891-B5BD-4300C2286BBC}.Debug|Any CPU.Build.0 = Debug|Any CPU
		{4CD125BE-ACA1-4891-B5BD-4300C2286BBC}.Release|Any CPU.ActiveCfg = Release|Any CPU
		{4CD125BE-ACA1-4891-B5BD-4300C2286BBC}.Release|Any CPU.Build.0 = Release|Any CPU
		{3E31CEED-6F76-43A7-B9E5-BBBC7A2283BF}.Debug|Any CPU.ActiveCfg = Debug|Any CPU
		{3E31CEED-6F76-43A7-B9E5-BBBC7A2283BF}.Debug|Any CPU.Build.0 = Debug|Any CPU
		{3E31CEED-6F76-43A7-B9E5-BBBC7A2283BF}.Release|Any CPU.ActiveCfg = Release|Any CPU
		{3E31CEED-6F76-43A7-B9E5-BBBC7A2283BF}.Release|Any CPU.Build.0 = Release|Any CPU
		{15E4B18A-2532-4486-9AF5-F6329EED3323}.Debug|Any CPU.ActiveCfg = Debug|Any CPU
		{15E4B18A-2532-4486-9AF5-F6329EED3323}.Debug|Any CPU.Build.0 = Debug|Any CPU
		{15E4B18A-2532-4486-9AF5-F6329EED3323}.Release|Any CPU.ActiveCfg = Release|Any CPU
		{15E4B18A-2532-4486-9AF5-F6329EED3323}.Release|Any CPU.Build.0 = Release|Any CPU
		{49EF1D89-9D46-41C2-A117-54DC00EA89DC}.Debug|Any CPU.ActiveCfg = Debug|Any CPU
		{49EF1D89-9D46-41C2-A117-54DC00EA89DC}.Debug|Any CPU.Build.0 = Debug|Any CPU
		{49EF1D89-9D46-41C2-A117-54DC00EA89DC}.Release|Any CPU.ActiveCfg = Release|Any CPU
		{49EF1D89-9D46-41C2-A117-54DC00EA89DC}.Release|Any CPU.Build.0 = Release|Any CPU
		{219B108A-386C-4335-8D78-F81994370E0B}.Debug|Any CPU.ActiveCfg = Debug|Any CPU
		{219B108A-386C-4335-8D78-F81994370E0B}.Debug|Any CPU.Build.0 = Debug|Any CPU
		{219B108A-386C-4335-8D78-F81994370E0B}.Release|Any CPU.ActiveCfg = Release|Any CPU
		{219B108A-386C-4335-8D78-F81994370E0B}.Release|Any CPU.Build.0 = Release|Any CPU
	EndGlobalSection
	GlobalSection(SolutionProperties) = preSolution
		HideSolutionNode = FALSE
	EndGlobalSection
	GlobalSection(ExtensibilityGlobals) = postSolution
		SolutionGuid = {DA63476B-8957-4782-8F94-6774589905AF}
	EndGlobalSection
EndGlobal
